
Microsoft Visual Studio Solution File, Format Version 12.00
# Visual Studio 2013
VisualStudioVersion = 12.0.40629.0
MinimumVisualStudioVersion = 10.0.40219.1
Project("{FAE04EC0-301F-11D3-BF4B-00C04F79EFBC}") = "WebApplication3", "WebApplication3\WebApplication3.csproj", "{2DF08663-6CC8-457D-B0E6-4C6CBE7FD549}"
EndProject
Global
	GlobalSection(SolutionConfigurationPlatforms) = preSolution
		Debug|Any CPU = Debug|Any CPU
		Release|Any CPU = Release|Any CPU
	EndGlobalSection
	GlobalSection(ProjectConfigurationPlatforms) = postSolution
		{2DF08663-6CC8-457D-B0E6-4C6CBE7FD549}.Debug|Any CPU.ActiveCfg = Debug|Any CPU
		{2DF08663-6CC8-457D-B0E6-4C6CBE7FD549}.Debug|Any CPU.Build.0 = Debug|Any CPU
		{2DF08663-6CC8-457D-B0E6-4C6CBE7FD549}.Release|Any CPU.ActiveCfg = Release|Any CPU
		{2DF08663-6CC8-457D-B0E6-4C6CBE7FD549}.Release|Any CPU.Build.0 = Release|Any CPU
	EndGlobalSection
	GlobalSection(SolutionProperties) = preSolution
		HideSolutionNode = FALSE
	EndGlobalSection
EndGlobal
